
Microsoft Visual Studio Solution File, Format Version 12.00
# Visual Studio Version 17
VisualStudioVersion = 17.14.36915.13 d17.14
MinimumVisualStudioVersion = 10.0.40219.1
Project("{FAE04EC0-301F-11D3-BF4B-00C04F79EFBC}") = "bc-eventing", "apps\azure-functions\bc-eventing\bc-eventing.csproj", "{073C264C-4FB9-4026-8896-7B93BE1E87B8}"
EndProject
Global
	GlobalSection(SolutionConfigurationPlatforms) = preSolution
		Debug|Any CPU = Debug|Any CPU
		Release|Any CPU = Release|Any CPU
	EndGlobalSection
	GlobalSection(ProjectConfigurationPlatforms) = postSolution
		{073C264C-4FB9-4026-8896-7B93BE1E87B8}.Debug|Any CPU.ActiveCfg = Debug|Any CPU
		{073C264C-4FB9-4026-8896-7B93BE1E87B8}.Debug|Any CPU.Build.0 = Debug|Any CPU
		{073C264C-4FB9-4026-8896-7B93BE1E87B8}.Release|Any CPU.ActiveCfg = Release|Any CPU
		{073C264C-4FB9-4026-8896-7B93BE1E87B8}.Release|Any CPU.Build.0 = Release|Any CPU
	EndGlobalSection
	GlobalSection(SolutionProperties) = preSolution
		HideSolutionNode = FALSE
	EndGlobalSection
	GlobalSection(ExtensibilityGlobals) = postSolution
		SolutionGuid = {CCF0EF80-84CF-4613-A544-0C42400E0240}
	EndGlobalSection
EndGlobal
